
Microsoft Visual Studio Solution File, Format Version 12.00
# Visual Studio Version 17
VisualStudioVersion = 17.14.37628.2 d17.14
MinimumVisualStudioVersion = 10.0.40219.1
Project("{FAE04EC0-301F-11D3-BF4B-00C04F79EFBC}") = "Chapter5", "Chapter5.csproj", "{DDFC3867-E310-60EE-EC7F-A464FF16C5BB}"
EndProject
Global
	GlobalSection(SolutionConfigurationPlatforms) = preSolution
		Debug|Any CPU = Debug|Any CPU
		Release|Any CPU = Release|Any CPU
	EndGlobalSection
	GlobalSection(ProjectConfigurationPlatforms) = postSolution
		{DDFC3867-E310-60EE-EC7F-A464FF16C5BB}.Debug|Any CPU.ActiveCfg = Debug|Any CPU
		{DDFC3867-E310-60EE-EC7F-A464FF16C5BB}.Debug|Any CPU.Build.0 = Debug|Any CPU
		{DDFC3867-E310-60EE-EC7F-A464FF16C5BB}.Release|Any CPU.ActiveCfg = Release|Any CPU
		{DDFC3867-E310-60EE-EC7F-A464FF16C5BB}.Release|Any CPU.Build.0 = Release|Any CPU
	EndGlobalSection
	GlobalSection(SolutionProperties) = preSolution
		HideSolutionNode = FALSE
	EndGlobalSection
	GlobalSection(ExtensibilityGlobals) = postSolution
		SolutionGuid = {2E8FF19A-1ADB-4CA2-8074-3BDC6D0C2E6E}
	EndGlobalSection
EndGlobal
